
Microsoft Visual Studio Solution File, Format Version 12.00
# Visual Studio Version 17
VisualStudioVersion = 17.7.34221.43
MinimumVisualStudioVersion = 10.0.40219.1
Project("{8BC9CEB8-8B4A-11D0-8D11-00A0C91BC942}") = "Sudoku", "Sudoku.vcxproj", "{D1CB3720-3417-4A48-94E5-B680E63A9489}"
EndProject
Project("{8BC9CEB8-8B4A-11D0-8D11-00A0C91BC942}") = "SudokuTestovi", "..\SudokuTestovi\SudokuTestovi.vcxproj", "{84C8EC69-E499-4FF0-B753-8D8B0B522692}"
EndProject
Global
	GlobalSection(SolutionConfigurationPlatforms) = preSolution
		Debug|x64 = Debug|x64
		Debug|x86 = Debug|x86
		Release|x64 = Release|x64
		Release|x86 = Release|x86
	EndGlobalSection
	GlobalSection(ProjectConfigurationPlatforms) = postSolution
		{D1CB3720-3417-4A48-94E5-B680E63A9489}.Debug|x64.ActiveCfg = Debug|x64
		{D1CB3720-3417-4A48-94E5-B680E63A9489}.Debug|x64.Build.0 = Debug|x64
		{D1CB3720-3417-4A48-94E5-B680E63A9489}.Debug|x86.ActiveCfg = Debug|Win32
		{D1CB3720-3417-4A48-94E5-B680E63A9489}.Debug|x86.Build.0 = Debug|Win32
		{D1CB3720-3417-4A48-94E5-B680E63A9489}.Release|x64.ActiveCfg = Release|x64
		{D1CB3720-3417-4A48-94E5-B680E63A9489}.Release|x64.Build.0 = Release|x64
		{D1CB3720-3417-4A48-94E5-B680E63A9489}.Release|x86.ActiveCfg = Release|Win32
		{D1CB3720-3417-4A48-94E5-B680E63A9489}.Release|x86.Build.0 = Release|Win32
		{84C8EC69-E499-4FF0-B753-8D8B0B522692}.Debug|x64.ActiveCfg = Debug|x64
		{84C8EC69-E499-4FF0-B753-8D8B0B522692}.Debug|x64.Build.0 = Debug|x64
		{84C8EC69-E499-4FF0-B753-8D8B0B522692}.Debug|x86.ActiveCfg = Debug|Win32
		{84C8EC69-E499-4FF0-B753-8D8B0B522692}.Debug|x86.Build.0 = Debug|Win32
		{84C8EC69-E499-4FF0-B753-8D8B0B522692}.Release|x64.ActiveCfg = Release|x64
		{84C8EC69-E499-4FF0-B753-8D8B0B522692}.Release|x64.Build.0 = Release|x64
		{84C8EC69-E499-4FF0-B753-8D8B0B522692}.Release|x86.ActiveCfg = Release|Win32
		{84C8EC69-E499-4FF0-B753-8D8B0B522692}.Release|x86.Build.0 = Release|Win32
	EndGlobalSection
	GlobalSection(SolutionProperties) = preSolution
		HideSolutionNode = FALSE
	EndGlobalSection
	GlobalSection(ExtensibilityGlobals) = postSolution
		SolutionGuid = {D1AA2BE4-E74E-4483-8DA8-A570FD220685}
	EndGlobalSection
EndGlobal
